
Microsoft Visual Studio Solution File, Format Version 12.00
# Visual Studio Version 16
VisualStudioVersion = 16.0.29728.190
MinimumVisualStudioVersion = 10.0.40219.1
Project("{9A19103F-16F7-4668-BE54-9A1E7A4F7556}") = "Core", "Core\Core.csproj", "{A7117583-46CB-4F3B-B9E6-893597B6CD3C}"
EndProject
Project("{9A19103F-16F7-4668-BE54-9A1E7A4F7556}") = "MySQL Adapter", "MySQL Adapter\MySQL Adapter.csproj", "{B1DE5CE8-5B89-43AB-B30E-5E10C4FC362E}"
EndProject
Project("{9A19103F-16F7-4668-BE54-9A1E7A4F7556}") = "SQLite Adapter", "SQLite Adapter\SQLite Adapter.csproj", "{E4D0FE65-56DC-4BF0-BA98-BBA9194994D7}"
EndProject
Project("{FAE04EC0-301F-11D3-BF4B-00C04F79EFBC}") = "Unit Tests", "Unit Tests\Unit Tests.csproj", "{42E278B9-1A6C-49E8-9D45-D1089F2E71C3}"
EndProject
Global
	GlobalSection(SolutionConfigurationPlatforms) = preSolution
		Debug|Any CPU = Debug|Any CPU
		Release|Any CPU = Release|Any CPU
	EndGlobalSection
	GlobalSection(ProjectConfigurationPlatforms) = postSolution
		{A7117583-46CB-4F3B-B9E6-893597B6CD3C}.Debug|Any CPU.ActiveCfg = Debug|Any CPU
		{A7117583-46CB-4F3B-B9E6-893597B6CD3C}.Debug|Any CPU.Build.0 = Debug|Any CPU
		{A7117583-46CB-4F3B-B9E6-893597B6CD3C}.Release|Any CPU.ActiveCfg = Release|Any CPU
		{A7117583-46CB-4F3B-B9E6-893597B6CD3C}.Release|Any CPU.Build.0 = Release|Any CPU
		{B1DE5CE8-5B89-43AB-B30E-5E10C4FC362E}.Debug|Any CPU.ActiveCfg = Debug|Any CPU
		{B1DE5CE8-5B89-43AB-B30E-5E10C4FC362E}.Debug|Any CPU.Build.0 = Debug|Any CPU
		{B1DE5CE8-5B89-43AB-B30E-5E10C4FC362E}.Release|Any CPU.ActiveCfg = Release|Any CPU
		{B1DE5CE8-5B89-43AB-B30E-5E10C4FC362E}.Release|Any CPU.Build.0 = Release|Any CPU
		{E4D0FE65-56DC-4BF0-BA98-BBA9194994D7}.Debug|Any CPU.ActiveCfg = Debug|Any CPU
		{E4D0FE65-56DC-4BF0-BA98-BBA9194994D7}.Debug|Any CPU.Build.0 = Debug|Any CPU
		{E4D0FE65-56DC-4BF0-BA98-BBA9194994D7}.Release|Any CPU.ActiveCfg = Release|Any CPU
		{E4D0FE65-56DC-4BF0-BA98-BBA9194994D7}.Release|Any CPU.Build.0 = Release|Any CPU
		{42E278B9-1A6C-49E8-9D45-D1089F2E71C3}.Debug|Any CPU.ActiveCfg = Debug|Any CPU
		{42E278B9-1A6C-49E8-9D45-D1089F2E71C3}.Debug|Any CPU.Build.0 = Debug|Any CPU
		{42E278B9-1A6C-49E8-9D45-D1089F2E71C3}.Release|Any CPU.ActiveCfg = Release|Any CPU
		{42E278B9-1A6C-49E8-9D45-D1089F2E71C3}.Release|Any CPU.Build.0 = Release|Any CPU
	EndGlobalSection
	GlobalSection(SolutionProperties) = preSolution
		HideSolutionNode = FALSE
	EndGlobalSection
	GlobalSection(ExtensibilityGlobals) = postSolution
		SolutionGuid = {FF85545B-A0D7-4A61-93B0-438F8DED74A6}
	EndGlobalSection
EndGlobal
